
Microsoft Visual Studio Solution File, Format Version 12.00
# Visual Studio Version 16
VisualStudioVersion = 16.0.29613.14
MinimumVisualStudioVersion = 10.0.40219.1
Project("{FAE04EC0-301F-11D3-BF4B-00C04F79EFBC}") = "Employee", "Employee.csproj", "{81C94EA2-BAC4-4397-85CD-FB7256A8086C}"
EndProject
Global
	GlobalSection(SolutionConfigurationPlatforms) = preSolution
		Debug|Any CPU = Debug|Any CPU
		Release|Any CPU = Release|Any CPU
	EndGlobalSection
	GlobalSection(ProjectConfigurationPlatforms) = postSolution
		{81C94EA2-BAC4-4397-85CD-FB7256A8086C}.Debug|Any CPU.ActiveCfg = Debug|Any CPU
		{81C94EA2-BAC4-4397-85CD-FB7256A8086C}.Debug|Any CPU.Build.0 = Debug|Any CPU
		{81C94EA2-BAC4-4397-85CD-FB7256A8086C}.Release|Any CPU.ActiveCfg = Release|Any CPU
		{81C94EA2-BAC4-4397-85CD-FB7256A8086C}.Release|Any CPU.Build.0 = Release|Any CPU
	EndGlobalSection
	GlobalSection(SolutionProperties) = preSolution
		HideSolutionNode = FALSE
	EndGlobalSection
	GlobalSection(ExtensibilityGlobals) = postSolution
		SolutionGuid = {B2B9A160-1295-45BD-902E-55E4CB2B9476}
	EndGlobalSection
EndGlobal
